
Microsoft Visual Studio Solution File, Format Version 12.00
# Visual Studio Version 16
VisualStudioVersion = 16.0.29911.84
MinimumVisualStudioVersion = 10.0.40219.1
Project("{FAE04EC0-301F-11D3-BF4B-00C04F79EFBC}") = "ClientSideSelfBot", "ClientSideSelfBot.csproj", "{E5D46C20-ADB4-4F00-884F-AADC452A6AC1}"
EndProject
Global
	GlobalSection(SolutionConfigurationPlatforms) = preSolution
		Debug|Any CPU = Debug|Any CPU
		Release|Any CPU = Release|Any CPU
	EndGlobalSection
	GlobalSection(ProjectConfigurationPlatforms) = postSolution
		{E5D46C20-ADB4-4F00-884F-AADC452A6AC1}.Debug|Any CPU.ActiveCfg = Debug|Any CPU
		{E5D46C20-ADB4-4F00-884F-AADC452A6AC1}.Debug|Any CPU.Build.0 = Debug|Any CPU
		{E5D46C20-ADB4-4F00-884F-AADC452A6AC1}.Release|Any CPU.ActiveCfg = Release|Any CPU
		{E5D46C20-ADB4-4F00-884F-AADC452A6AC1}.Release|Any CPU.Build.0 = Release|Any CPU
	EndGlobalSection
	GlobalSection(SolutionProperties) = preSolution
		HideSolutionNode = FALSE
	EndGlobalSection
	GlobalSection(ExtensibilityGlobals) = postSolution
		SolutionGuid = {C1A4AAE7-3343-4C75-89C1-C52D0195F7D1}
	EndGlobalSection
EndGlobal
